{
	"dependencies": {
		"immer": {
			"integrity": "sha512-G95ivKpy+EvVAnAab4fVa4YGYn24J1SpEktnJX7JJ45Bd7xqME/SCplFzYFmTbrkwZbQ4xJK1xMTUYBkN6pWsQ==",
			"resolved": "https://registry.npmjs.org/immer/-/immer-9.0.6.tgz",
			"version": "9.0.6"
		}
	},
	"lockfileVersion": 2,
	"name": "noodl-cli",
	"packages": {
		"": {
			"bin": {
				"noodl": "bin/cli.js"
			},
			"dependencies": {
				"immer": "^9.0.6"
			},
			"engines": {
				"node": ">=14"
			},
			"license": "MIT",
			"version": "0.0.118"
		},
		"node_modules/immer": {
			"funding": {
				"type": "opencollective",
				"url": "https://opencollective.com/immer"
			},
			"integrity": "sha512-G95ivKpy+EvVAnAab4fVa4YGYn24J1SpEktnJX7JJ45Bd7xqME/SCplFzYFmTbrkwZbQ4xJK1xMTUYBkN6pWsQ==",
			"resolved": "https://registry.npmjs.org/immer/-/immer-9.0.6.tgz",
			"version": "9.0.6"
		}
	},
	"requires": true,
	"version": "0.0.121"
}
