{
	"name": "noodl-utils",
	"version": "0.0.84",
	"lockfileVersion": 2,
	"requires": true,
	"packages": {
		"": {
			"version": "0.0.84",
			"license": "ISC",
			"dependencies": {
				"@jsmanifest/utils": "^1.0.30"
			},
			"devDependencies": {
				"mocha": "^8.4.0",
				"type-fest": "^2.3.2"
			},
			"engines": {
				"node": ">=14",
				"npm": ">=7"
			}
		},
		"node_modules/@jsmanifest/utils": {
			"version": "1.0.33",
			"resolved": "https://registry.npmjs.org/@jsmanifest/utils/-/utils-1.0.33.tgz",
			"integrity": "sha512-2v2mbTec4ntBOq9/OG3Uz7ZLTQuWLXQVV72eqnuKEuBMfQKUGNltRze5+5dYKSUhk77bHs74WrG3A7HjP+dsxg=="
		},
		"node_modules/ansi-regex": {
			"version": "3.0.0",
			"dev": true,
			"license": "MIT",
			"engines": {
				"node": ">=4"
			}
		},
		"node_modules/chokidar": {
			"version": "3.5.1",
			"dev": true,
			"license": "MIT",
			"dependencies": {
				"anymatch": "~3.1.1",
				"braces": "~3.0.2",
				"glob-parent": "~5.1.0",
				"is-binary-path": "~2.1.0",
				"is-glob": "~4.0.1",
				"normalize-path": "~3.0.0",
				"readdirp": "~3.5.0"
			},
			"engines": {
				"node": ">= 8.10.0"
			},
			"optionalDependencies": {
				"fsevents": "~2.3.1"
			}
		},
		"node_modules/debug": {
			"version": "4.3.1",
			"dev": true,
			"license": "MIT",
			"dependencies": {
				"ms": "2.1.2"
			},
			"engines": {
				"node": ">=6.0"
			},
			"peerDependenciesMeta": {
				"supports-color": {
					"optional": true
				}
			}
		},
		"node_modules/find-up": {
			"version": "5.0.0",
			"dev": true,
			"license": "MIT",
			"dependencies": {
				"locate-path": "^6.0.0",
				"path-exists": "^4.0.0"
			},
			"engines": {
				"node": ">=10"
			},
			"funding": {
				"url": "https://github.com/sponsors/sindresorhus"
			}
		},
		"node_modules/glob": {
			"version": "7.1.6",
			"dev": true,
			"license": "ISC",
			"dependencies": {
				"fs.realpath": "^1.0.0",
				"inflight": "^1.0.4",
				"inherits": "2",
				"minimatch": "^3.0.4",
				"once": "^1.3.0",
				"path-is-absolute": "^1.0.0"
			},
			"engines": {
				"node": "*"
			},
			"funding": {
				"url": "https://github.com/sponsors/isaacs"
			}
		},
		"node_modules/is-fullwidth-code-point": {
			"version": "2.0.0",
			"dev": true,
			"license": "MIT",
			"engines": {
				"node": ">=4"
			}
		},
		"node_modules/js-yaml": {
			"version": "4.0.0",
			"dev": true,
			"license": "MIT",
			"dependencies": {
				"argparse": "^2.0.1"
			},
			"bin": {
				"js-yaml": "bin/js-yaml.js"
			}
		},
		"node_modules/locate-path": {
			"version": "6.0.0",
			"dev": true,
			"license": "MIT",
			"dependencies": {
				"p-locate": "^5.0.0"
			},
			"engines": {
				"node": ">=10"
			},
			"funding": {
				"url": "https://github.com/sponsors/sindresorhus"
			}
		},
		"node_modules/log-symbols": {
			"version": "4.0.0",
			"dev": true,
			"license": "MIT",
			"dependencies": {
				"chalk": "^4.0.0"
			},
			"engines": {
				"node": ">=10"
			}
		},
		"node_modules/mocha": {
			"version": "8.4.0",
			"dev": true,
			"license": "MIT",
			"dependencies": {
				"@ungap/promise-all-settled": "1.1.2",
				"ansi-colors": "4.1.1",
				"browser-stdout": "1.3.1",
				"chokidar": "3.5.1",
				"debug": "4.3.1",
				"diff": "5.0.0",
				"escape-string-regexp": "4.0.0",
				"find-up": "5.0.0",
				"glob": "7.1.6",
				"growl": "1.10.5",
				"he": "1.2.0",
				"js-yaml": "4.0.0",
				"log-symbols": "4.0.0",
				"minimatch": "3.0.4",
				"ms": "2.1.3",
				"nanoid": "3.1.20",
				"serialize-javascript": "5.0.1",
				"strip-json-comments": "3.1.1",
				"supports-color": "8.1.1",
				"which": "2.0.2",
				"wide-align": "1.1.3",
				"workerpool": "6.1.0",
				"yargs": "16.2.0",
				"yargs-parser": "20.2.4",
				"yargs-unparser": "2.0.0"
			},
			"bin": {
				"_mocha": "bin/_mocha",
				"mocha": "bin/mocha"
			},
			"engines": {
				"node": ">= 10.12.0"
			},
			"funding": {
				"type": "opencollective",
				"url": "https://opencollective.com/mochajs"
			}
		},
		"node_modules/mocha/node_modules/ms": {
			"version": "2.1.3",
			"dev": true,
			"license": "MIT"
		},
		"node_modules/nanoid": {
			"version": "3.1.20",
			"dev": true,
			"license": "MIT",
			"bin": {
				"nanoid": "bin/nanoid.cjs"
			},
			"engines": {
				"node": "^10 || ^12 || ^13.7 || ^14 || >=15.0.1"
			}
		},
		"node_modules/p-locate": {
			"version": "5.0.0",
			"dev": true,
			"license": "MIT",
			"dependencies": {
				"p-limit": "^3.0.2"
			},
			"engines": {
				"node": ">=10"
			},
			"funding": {
				"url": "https://github.com/sponsors/sindresorhus"
			}
		},
		"node_modules/path-exists": {
			"version": "4.0.0",
			"dev": true,
			"license": "MIT",
			"engines": {
				"node": ">=8"
			}
		},
		"node_modules/readdirp": {
			"version": "3.5.0",
			"dev": true,
			"license": "MIT",
			"dependencies": {
				"picomatch": "^2.2.1"
			},
			"engines": {
				"node": ">=8.10.0"
			}
		},
		"node_modules/serialize-javascript": {
			"version": "5.0.1",
			"dev": true,
			"license": "BSD-3-Clause",
			"dependencies": {
				"randombytes": "^2.1.0"
			}
		},
		"node_modules/string-width": {
			"version": "2.1.1",
			"dev": true,
			"license": "MIT",
			"dependencies": {
				"is-fullwidth-code-point": "^2.0.0",
				"strip-ansi": "^4.0.0"
			},
			"engines": {
				"node": ">=4"
			}
		},
		"node_modules/strip-ansi": {
			"version": "4.0.0",
			"dev": true,
			"license": "MIT",
			"dependencies": {
				"ansi-regex": "^3.0.0"
			},
			"engines": {
				"node": ">=4"
			}
		},
		"node_modules/supports-color": {
			"version": "8.1.1",
			"dev": true,
			"license": "MIT",
			"dependencies": {
				"has-flag": "^4.0.0"
			},
			"engines": {
				"node": ">=10"
			},
			"funding": {
				"url": "https://github.com/chalk/supports-color?sponsor=1"
			}
		},
		"node_modules/type-fest": {
			"version": "2.5.2",
			"resolved": "https://registry.npmjs.org/type-fest/-/type-fest-2.5.2.tgz",
			"integrity": "sha512-WMbytmAs5PUTqwGJRE+WoRrD2S0bYFtHX8k4Y/1l18CG5kqA3keJud9pPQ/r30FE9n8XRFCXF9BbccHIZzRYJw==",
			"dev": true,
			"engines": {
				"node": ">=12.20"
			},
			"funding": {
				"url": "https://github.com/sponsors/sindresorhus"
			}
		},
		"node_modules/wide-align": {
			"version": "1.1.3",
			"dev": true,
			"license": "ISC",
			"dependencies": {
				"string-width": "^1.0.2 || 2"
			}
		},
		"node_modules/workerpool": {
			"version": "6.1.0",
			"dev": true,
			"license": "Apache-2.0"
		},
		"node_modules/yargs-parser": {
			"version": "20.2.4",
			"dev": true,
			"license": "ISC",
			"engines": {
				"node": ">=10"
			}
		}
	},
	"dependencies": {
		"@jsmanifest/utils": {
			"version": "1.0.33",
			"resolved": "https://registry.npmjs.org/@jsmanifest/utils/-/utils-1.0.33.tgz",
			"integrity": "sha512-2v2mbTec4ntBOq9/OG3Uz7ZLTQuWLXQVV72eqnuKEuBMfQKUGNltRze5+5dYKSUhk77bHs74WrG3A7HjP+dsxg=="
		},
		"ansi-regex": {
			"version": "3.0.0",
			"dev": true
		},
		"chokidar": {
			"version": "3.5.1",
			"dev": true,
			"requires": {
				"anymatch": "~3.1.1",
				"braces": "~3.0.2",
				"fsevents": "~2.3.1",
				"glob-parent": "~5.1.0",
				"is-binary-path": "~2.1.0",
				"is-glob": "~4.0.1",
				"normalize-path": "~3.0.0",
				"readdirp": "~3.5.0"
			}
		},
		"debug": {
			"version": "4.3.1",
			"dev": true,
			"requires": {
				"ms": "2.1.2"
			}
		},
		"find-up": {
			"version": "5.0.0",
			"dev": true,
			"requires": {
				"locate-path": "^6.0.0",
				"path-exists": "^4.0.0"
			}
		},
		"glob": {
			"version": "7.1.6",
			"dev": true,
			"requires": {
				"fs.realpath": "^1.0.0",
				"inflight": "^1.0.4",
				"inherits": "2",
				"minimatch": "^3.0.4",
				"once": "^1.3.0",
				"path-is-absolute": "^1.0.0"
			}
		},
		"is-fullwidth-code-point": {
			"version": "2.0.0",
			"dev": true
		},
		"js-yaml": {
			"version": "4.0.0",
			"dev": true,
			"requires": {
				"argparse": "^2.0.1"
			}
		},
		"locate-path": {
			"version": "6.0.0",
			"dev": true,
			"requires": {
				"p-locate": "^5.0.0"
			}
		},
		"log-symbols": {
			"version": "4.0.0",
			"dev": true,
			"requires": {
				"chalk": "^4.0.0"
			}
		},
		"mocha": {
			"version": "8.4.0",
			"dev": true,
			"requires": {
				"@ungap/promise-all-settled": "1.1.2",
				"ansi-colors": "4.1.1",
				"browser-stdout": "1.3.1",
				"chokidar": "3.5.1",
				"debug": "4.3.1",
				"diff": "5.0.0",
				"escape-string-regexp": "4.0.0",
				"find-up": "5.0.0",
				"glob": "7.1.6",
				"growl": "1.10.5",
				"he": "1.2.0",
				"js-yaml": "4.0.0",
				"log-symbols": "4.0.0",
				"minimatch": "3.0.4",
				"ms": "2.1.3",
				"nanoid": "3.1.20",
				"serialize-javascript": "5.0.1",
				"strip-json-comments": "3.1.1",
				"supports-color": "8.1.1",
				"which": "2.0.2",
				"wide-align": "1.1.3",
				"workerpool": "6.1.0",
				"yargs": "16.2.0",
				"yargs-parser": "20.2.4",
				"yargs-unparser": "2.0.0"
			},
			"dependencies": {
				"ms": {
					"version": "2.1.3",
					"dev": true
				}
			}
		},
		"nanoid": {
			"version": "3.1.20",
			"dev": true
		},
		"p-locate": {
			"version": "5.0.0",
			"dev": true,
			"requires": {
				"p-limit": "^3.0.2"
			}
		},
		"path-exists": {
			"version": "4.0.0",
			"dev": true
		},
		"readdirp": {
			"version": "3.5.0",
			"dev": true,
			"requires": {
				"picomatch": "^2.2.1"
			}
		},
		"serialize-javascript": {
			"version": "5.0.1",
			"dev": true,
			"requires": {
				"randombytes": "^2.1.0"
			}
		},
		"string-width": {
			"version": "2.1.1",
			"dev": true,
			"requires": {
				"is-fullwidth-code-point": "^2.0.0",
				"strip-ansi": "^4.0.0"
			}
		},
		"strip-ansi": {
			"version": "4.0.0",
			"dev": true,
			"requires": {
				"ansi-regex": "^3.0.0"
			}
		},
		"supports-color": {
			"version": "8.1.1",
			"dev": true,
			"requires": {
				"has-flag": "^4.0.0"
			}
		},
		"type-fest": {
			"version": "2.5.2",
			"resolved": "https://registry.npmjs.org/type-fest/-/type-fest-2.5.2.tgz",
			"integrity": "sha512-WMbytmAs5PUTqwGJRE+WoRrD2S0bYFtHX8k4Y/1l18CG5kqA3keJud9pPQ/r30FE9n8XRFCXF9BbccHIZzRYJw==",
			"dev": true
		},
		"wide-align": {
			"version": "1.1.3",
			"dev": true,
			"requires": {
				"string-width": "^1.0.2 || 2"
			}
		},
		"workerpool": {
			"version": "6.1.0",
			"dev": true
		},
		"yargs-parser": {
			"version": "20.2.4",
			"dev": true
		}
	}
}
