{
	"name": "noodl-action-chain",
	"version": "0.0.26",
	"lockfileVersion": 2,
	"requires": true,
	"packages": {
		"": {
			"version": "0.0.26",
			"license": "ISC",
			"dependencies": {
				"noodl-types": "file:../noodl-types"
			}
		},
		"../noodl-types": {
			"version": "1.0.35",
			"license": "ISC",
			"dependencies": {
				"lodash.get": "^4.4.2",
				"lodash.has": "^4.5.2"
			}
		},
		"node_modules/noodl-types": {
			"resolved": "../noodl-types",
			"link": true
		}
	},
	"dependencies": {
		"noodl-types": {
			"version": "file:../noodl-types",
			"requires": {
				"lodash.get": "^4.4.2",
				"lodash.has": "^4.5.2"
			}
		}
	}
}
