{
	"name": "noodl-action-chain",
	"version": "0.0.71",
	"lockfileVersion": 2,
	"requires": true,
	"packages": {
		"": {
			"version": "0.0.70",
			"license": "ISC",
			"dependencies": {
				"noodl-types": "^1.0.103"
			}
		},
		"node_modules/lodash.get": {
			"version": "4.4.2",
			"resolved": "https://registry.npmjs.org/lodash.get/-/lodash.get-4.4.2.tgz",
			"integrity": "sha1-LRd/ZS+jHpObRDjVNBSZ36OCXpk="
		},
		"node_modules/lodash.has": {
			"version": "4.5.2",
			"resolved": "https://registry.npmjs.org/lodash.has/-/lodash.has-4.5.2.tgz",
			"integrity": "sha1-0Z9NwQlQWMzL4rDN9O4P5Ko3yGI="
		},
		"node_modules/noodl-types": {
			"version": "1.0.103",
			"resolved": "https://registry.npmjs.org/noodl-types/-/noodl-types-1.0.103.tgz",
			"integrity": "sha512-TOUM3xJBmdgDHn9ILQj1ckHrKdh1uMVuYGsiIB2oiLn80dFhykBycnm+0s3uUe9csaaj2Gtlqvob5y5aprwPyQ==",
			"dependencies": {
				"lodash.get": "^4.4.2",
				"lodash.has": "^4.5.2"
			}
		}
	},
	"dependencies": {
		"lodash.get": {
			"version": "4.4.2",
			"resolved": "https://registry.npmjs.org/lodash.get/-/lodash.get-4.4.2.tgz",
			"integrity": "sha1-LRd/ZS+jHpObRDjVNBSZ36OCXpk="
		},
		"lodash.has": {
			"version": "4.5.2",
			"resolved": "https://registry.npmjs.org/lodash.has/-/lodash.has-4.5.2.tgz",
			"integrity": "sha1-0Z9NwQlQWMzL4rDN9O4P5Ko3yGI="
		},
		"noodl-types": {
			"version": "1.0.103",
			"resolved": "https://registry.npmjs.org/noodl-types/-/noodl-types-1.0.103.tgz",
			"integrity": "sha512-TOUM3xJBmdgDHn9ILQj1ckHrKdh1uMVuYGsiIB2oiLn80dFhykBycnm+0s3uUe9csaaj2Gtlqvob5y5aprwPyQ==",
			"requires": {
				"lodash.get": "^4.4.2",
				"lodash.has": "^4.5.2"
			}
		}
	}
}
